Microsoft Visual Studio Solution File, Format Version 8.00
Project("{F184B08F-C81C-45F6-A57F-5ABD9991F28F}") = "vbMiniX", "vbMiniX.vbproj", "{E195B4BE-7E19-4968-8C7C-A1B7D932F5CB}"
	ProjectSection(ProjectDependencies) = postProject
	EndProjectSection
EndProject
Global
	GlobalSection(SolutionConfiguration) = preSolution
		Debug = Debug
		Release = Release
	EndGlobalSection
	GlobalSection(ProjectConfiguration) = postSolution
		{E195B4BE-7E19-4968-8C7C-A1B7D932F5CB}.Debug.ActiveCfg = Debug|.NET
		{E195B4BE-7E19-4968-8C7C-A1B7D932F5CB}.Debug.Build.0 = Debug|.NET
		{E195B4BE-7E19-4968-8C7C-A1B7D932F5CB}.Release.ActiveCfg = Release|.NET
		{E195B4BE-7E19-4968-8C7C-A1B7D932F5CB}.Release.Build.0 = Release|.NET
	EndGlobalSection
	GlobalSection(SolutionItems) = postSolution
	EndGlobalSection
	GlobalSection(ExtensibilityGlobals) = postSolution
	EndGlobalSection
	GlobalSection(ExtensibilityAddIns) = postSolution
	EndGlobalSection
EndGlobal
